
Microsoft Visual Studio Solution File, Format Version 12.00
# Visual Studio Version 16
VisualStudioVersion = 16.0.31702.278
MinimumVisualStudioVersion = 10.0.40219.1
Project("{FAE04EC0-301F-11D3-BF4B-00C04F79EFBC}") = "VolumeConverter", "VolumeConverter\VolumeConverter.csproj", "{B4EDEAE9-8B29-4152-B86D-E598C8A18681}"
EndProject
Global
	GlobalSection(SolutionConfigurationPlatforms) = preSolution
		Debug|Any CPU = Debug|Any CPU
		Release|Any CPU = Release|Any CPU
	EndGlobalSection
	GlobalSection(ProjectConfigurationPlatforms) = postSolution
		{B4EDEAE9-8B29-4152-B86D-E598C8A18681}.Debug|Any CPU.ActiveCfg = Debug|Any CPU
		{B4EDEAE9-8B29-4152-B86D-E598C8A18681}.Debug|Any CPU.Build.0 = Debug|Any CPU
		{B4EDEAE9-8B29-4152-B86D-E598C8A18681}.Release|Any CPU.ActiveCfg = Release|Any CPU
		{B4EDEAE9-8B29-4152-B86D-E598C8A18681}.Release|Any CPU.Build.0 = Release|Any CPU
	EndGlobalSection
	GlobalSection(SolutionProperties) = preSolution
		HideSolutionNode = FALSE
	EndGlobalSection
	GlobalSection(ExtensibilityGlobals) = postSolution
		SolutionGuid = {8A28D211-47A6-40B0-B262-4A0A3E716E02}
	EndGlobalSection
EndGlobal
